
Microsoft Visual Studio Solution File, Format Version 12.00
# Visual Studio 14
VisualStudioVersion = 14.0.25420.1
MinimumVisualStudioVersion = 10.0.40219.1
Project("{FAE04EC0-301F-11D3-BF4B-00C04F79EFBC}") = "Angular2ModelGenerator", "Angular2ModelGenerator.csproj", "{D78CA348-CA16-49F5-9A69-F6BA1DA6F578}"
EndProject
Project("{FAE04EC0-301F-11D3-BF4B-00C04F79EFBC}") = "AdminGuiRhetosExtensions", "..\AdminGuiRhetosExtensions\AdminGuiRhetosExtensions.csproj", "{C43122A8-596E-4C1A-B98C-E6B56BD4F065}"
EndProject
Project("{FAE04EC0-301F-11D3-BF4B-00C04F79EFBC}") = "RhetosConceptsAndExtensions", "..\RhetosConceptsAndExtensions\RhetosConceptsAndExtensions.csproj", "{A639B62D-AC85-4F70-93EE-0446E9489439}"
EndProject
Global
	GlobalSection(SolutionConfigurationPlatforms) = preSolution
		Debug|Any CPU = Debug|Any CPU
		Release|Any CPU = Release|Any CPU
	EndGlobalSection
	GlobalSection(ProjectConfigurationPlatforms) = postSolution
		{D78CA348-CA16-49F5-9A69-F6BA1DA6F578}.Debug|Any CPU.ActiveCfg = Debug|Any CPU
		{D78CA348-CA16-49F5-9A69-F6BA1DA6F578}.Debug|Any CPU.Build.0 = Debug|Any CPU
		{D78CA348-CA16-49F5-9A69-F6BA1DA6F578}.Release|Any CPU.ActiveCfg = Release|Any CPU
		{D78CA348-CA16-49F5-9A69-F6BA1DA6F578}.Release|Any CPU.Build.0 = Release|Any CPU
		{C43122A8-596E-4C1A-B98C-E6B56BD4F065}.Debug|Any CPU.ActiveCfg = Debug|Any CPU
		{C43122A8-596E-4C1A-B98C-E6B56BD4F065}.Debug|Any CPU.Build.0 = Debug|Any CPU
		{C43122A8-596E-4C1A-B98C-E6B56BD4F065}.Release|Any CPU.ActiveCfg = Release|Any CPU
		{C43122A8-596E-4C1A-B98C-E6B56BD4F065}.Release|Any CPU.Build.0 = Release|Any CPU
		{A639B62D-AC85-4F70-93EE-0446E9489439}.Debug|Any CPU.ActiveCfg = Debug|Any CPU
		{A639B62D-AC85-4F70-93EE-0446E9489439}.Debug|Any CPU.Build.0 = Debug|Any CPU
		{A639B62D-AC85-4F70-93EE-0446E9489439}.Release|Any CPU.ActiveCfg = Release|Any CPU
		{A639B62D-AC85-4F70-93EE-0446E9489439}.Release|Any CPU.Build.0 = Release|Any CPU
	EndGlobalSection
	GlobalSection(SolutionProperties) = preSolution
		HideSolutionNode = FALSE
	EndGlobalSection
EndGlobal
